// !$*UTF8*$!
{
	archiveVersion = 1;
	classes = {
	};
	objectVersion = 50;
	objects = {

/* Begin PBXBuildFile section */
		521BD0BE24EF703600ED9593 /* AppDelegate.m in Sources */ = {isa = PBXBuildFile; fileRef = 521BD0BD24EF703600ED9593 /* AppDelegate.m */; };
		521BD0C424EF703600ED9593 /* ViewController.m in Sources */ = {isa = PBXBuildFile; fileRef = 521BD0C324EF703600ED9593 /* ViewController.m */; };
		521BD0C724EF703600ED9593 /* Main.storyboard in Resources */ = {isa = PBXBuildFile; fileRef = 521BD0C524EF703600ED9593 /* Main.storyboard */; };
		521BD0C924EF703900ED9593 /* Assets.xcassets in Resources */ = {isa = PBXBuildFile; fileRef = 521BD0C824EF703900ED9593 /* Assets.xcassets */; };
		521BD0CC24EF703900ED9593 /* LaunchScreen.storyboard in Resources */ = {isa = PBXBuildFile; fileRef = 521BD0CA24EF703900ED9593 /* LaunchScreen.storyboard */; };
		521BD0CF24EF703900ED9593 /* main.m in Sources */ = {isa = PBXBuildFile; fileRef = 521BD0CE24EF703900ED9593 /* main.m */; };
		521BD0D924EF703A00ED9593 /* CustomTabBarControllerTests.m in Sources */ = {isa = PBXBuildFile; fileRef = 521BD0D824EF703A00ED9593 /* CustomTabBarControllerTests.m */; };
		521BD0E424EF703A00ED9593 /* CustomTabBarControllerUITests.m in Sources */ = {isa = PBXBuildFile; fileRef = 521BD0E324EF703A00ED9593 /* CustomTabBarControllerUITests.m */; };
		521BD0F424EF708300ED9593 /* CustomTabBar.m in Sources */ = {isa = PBXBuildFile; fileRef = 521BD0F324EF708300ED9593 /* CustomTabBar.m */; };
		521BD0F724EF70A000ED9593 /* CustomTabBarController.m in Sources */ = {isa = PBXBuildFile; fileRef = 521BD0F624EF70A000ED9593 /* CustomTabBarController.m */; };
		521BD0FD24EF78C200ED9593 /* RootTabBarController.m in Sources */ = {isa = PBXBuildFile; fileRef = 521BD0FC24EF78C200ED9593 /* RootTabBarController.m */; };
/* End PBXBuildFile section */

/* Begin PBXContainerItemProxy section */
		521BD0D524EF703A00ED9593 /* PBXContainerItemProxy */ = {
			isa = PBXContainerItemProxy;
			containerPortal = 521BD0B124EF703600ED9593 /* Project object */;
			proxyType = 1;
			remoteGlobalIDString = 521BD0B824EF703600ED9593;
			remoteInfo = CustomTabBarController;
		};
		521BD0E024EF703A00ED9593 /* PBXContainerItemProxy */ = {
			isa = PBXContainerItemProxy;
			containerPortal = 521BD0B124EF703600ED9593 /* Project object */;
			proxyType = 1;
			remoteGlobalIDString = 521BD0B824EF703600ED9593;
			remoteInfo = CustomTabBarController;
		};
/* End PBXContainerItemProxy section */

/* Begin PBXFileReference section */
		521BD0B924EF703600ED9593 /* CustomTabBarController.app */ = {isa = PBXFileReference; explicitFileType = wrapper.application; includeInIndex = 0; path = CustomTabBarController.app; sourceTree = BUILT_PRODUCTS_DIR; };
		521BD0BC24EF703600ED9593 /* AppDelegate.h */ = {isa = PBXFileReference; lastKnownFileType = sourcecode.c.h; path = AppDelegate.h; sourceTree = "<group>"; };
		521BD0BD24EF703600ED9593 /* AppDelegate.m */ = {isa = PBXFileReference; lastKnownFileType = sourcecode.c.objc; path = AppDelegate.m; sourceTree = "<group>"; };
		521BD0C224EF703600ED9593 /* ViewController.h */ = {isa = PBXFileReference; lastKnownFileType = sourcecode.c.h; path = ViewController.h; sourceTree = "<group>"; };
		521BD0C324EF703600ED9593 /* ViewController.m */ = {isa = PBXFileReference; lastKnownFileType = sourcecode.c.objc; path = ViewController.m; sourceTree = "<group>"; };
		521BD0C624EF703600ED9593 /* Base */ = {isa = PBXFileReference; lastKnownFileType = file.storyboard; name = Base; path = Base.lproj/Main.storyboard; sourceTree = "<group>"; };
		521BD0C824EF703900ED9593 /* Assets.xcassets */ = {isa = PBXFileReference; lastKnownFileType = folder.assetcatalog; path = Assets.xcassets; sourceTree = "<group>"; };
		521BD0CB24EF703900ED9593 /* Base */ = {isa = PBXFileReference; lastKnownFileType = file.storyboard; name = Base; path = Base.lproj/LaunchScreen.storyboard; sourceTree = "<group>"; };
		521BD0CD24EF703900ED9593 /* Info.plist */ = {isa = PBXFileReference; lastKnownFileType = text.plist.xml; path = Info.plist; sourceTree = "<group>"; };
		521BD0CE24EF703900ED9593 /* main.m */ = {isa = PBXFileReference; lastKnownFileType = sourcecode.c.objc; path = main.m; sourceTree = "<group>"; };
		521BD0D424EF703A00ED9593 /* CustomTabBarControllerTests.xctest */ = {isa = PBXFileReference; explicitFileType = wrapper.cfbundle; includeInIndex = 0; path = CustomTabBarControllerTests.xctest; sourceTree = BUILT_PRODUCTS_DIR; };
		521BD0D824EF703A00ED9593 /* CustomTabBarControllerTests.m */ = {isa = PBXFileReference; lastKnownFileType = sourcecode.c.objc; path = CustomTabBarControllerTests.m; sourceTree = "<group>"; };
		521BD0DA24EF703A00ED9593 /* Info.plist */ = {isa = PBXFileReference; lastKnownFileType = text.plist.xml; path = Info.plist; sourceTree = "<group>"; };
		521BD0DF24EF703A00ED9593 /* CustomTabBarControllerUITests.xctest */ = {isa = PBXFileReference; explicitFileType = wrapper.cfbundle; includeInIndex = 0; path = CustomTabBarControllerUITests.xctest; sourceTree = BUILT_PRODUCTS_DIR; };
		521BD0E324EF703A00ED9593 /* CustomTabBarControllerUITests.m */ = {isa = PBXFileReference; lastKnownFileType = sourcecode.c.objc; path = CustomTabBarControllerUITests.m; sourceTree = "<group>"; };
		521BD0E524EF703A00ED9593 /* Info.plist */ = {isa = PBXFileReference; lastKnownFileType = text.plist.xml; path = Info.plist; sourceTree = "<group>"; };
		521BD0F224EF708300ED9593 /* CustomTabBar.h */ = {isa = PBXFileReference; lastKnownFileType = sourcecode.c.h; path = CustomTabBar.h; sourceTree = "<group>"; };
		521BD0F324EF708300ED9593 /* CustomTabBar.m */ = {isa = PBXFileReference; lastKnownFileType = sourcecode.c.objc; path = CustomTabBar.m; sourceTree = "<group>"; };
		521BD0F524EF70A000ED9593 /* CustomTabBarController.h */ = {isa = PBXFileReference; lastKnownFileType = sourcecode.c.h; path = CustomTabBarController.h; sourceTree = "<group>"; };
		521BD0F624EF70A000ED9593 /* CustomTabBarController.m */ = {isa = PBXFileReference; lastKnownFileType = sourcecode.c.objc; path = CustomTabBarController.m; sourceTree = "<group>"; };
		521BD0FA24EF748700ED9593 /* CustomTabBarController-Prefix.pch */ = {isa = PBXFileReference; lastKnownFileType = sourcecode.c.h; path = "CustomTabBarController-Prefix.pch"; sourceTree = "<group>"; };
		521BD0FB24EF78C200ED9593 /* RootTabBarController.h */ = {isa = PBXFileReference; lastKnownFileType = sourcecode.c.h; path = RootTabBarController.h; sourceTree = "<group>"; };
		521BD0FC24EF78C200ED9593 /* RootTabBarController.m */ = {isa = PBXFileReference; lastKnownFileType = sourcecode.c.objc; path = RootTabBarController.m; sourceTree = "<group>"; };
/* End PBXFileReference section */

/* Begin PBXFrameworksBuildPhase section */
		521BD0B624EF703600ED9593 /* Frameworks */ = {
			isa = PBXFrameworksBuildPhase;
			buildActionMask = 2147483647;
			files = (
			);
			runOnlyForDeploymentPostprocessing = 0;
		};
		521BD0D124EF703A00ED9593 /* Frameworks */ = {
			isa = PBXFrameworksBuildPhase;
			buildActionMask = 2147483647;
			files = (
			);
			runOnlyForDeploymentPostprocessing = 0;
		};
		521BD0DC24EF703A00ED9593 /* Frameworks */ = {
			isa = PBXFrameworksBuildPhase;
			buildActionMask = 2147483647;
			files = (
			);
			runOnlyForDeploymentPostprocessing = 0;
		};
/* End PBXFrameworksBuildPhase section */

/* Begin PBXGroup section */
		521BD0B024EF703600ED9593 = {
			isa = PBXGroup;
			children = (
				521BD0BB24EF703600ED9593 /* CustomTabBarController */,
				521BD0D724EF703A00ED9593 /* CustomTabBarControllerTests */,
				521BD0E224EF703A00ED9593 /* CustomTabBarControllerUITests */,
				521BD0BA24EF703600ED9593 /* Products */,
			);
			sourceTree = "<group>";
		};
		521BD0BA24EF703600ED9593 /* Products */ = {
			isa = PBXGroup;
			children = (
				521BD0B924EF703600ED9593 /* CustomTabBarController.app */,
				521BD0D424EF703A00ED9593 /* CustomTabBarControllerTests.xctest */,
				521BD0DF24EF703A00ED9593 /* CustomTabBarControllerUITests.xctest */,
			);
			name = Products;
			sourceTree = "<group>";
		};
		521BD0BB24EF703600ED9593 /* CustomTabBarController */ = {
			isa = PBXGroup;
			children = (
				521BD0F124EF705100ED9593 /* TabBarController */,
				521BD0BC24EF703600ED9593 /* AppDelegate.h */,
				521BD0BD24EF703600ED9593 /* AppDelegate.m */,
				521BD0FB24EF78C200ED9593 /* RootTabBarController.h */,
				521BD0FC24EF78C200ED9593 /* RootTabBarController.m */,
				521BD0C224EF703600ED9593 /* ViewController.h */,
				521BD0C324EF703600ED9593 /* ViewController.m */,
				521BD0FA24EF748700ED9593 /* CustomTabBarController-Prefix.pch */,
				521BD0C524EF703600ED9593 /* Main.storyboard */,
				521BD0C824EF703900ED9593 /* Assets.xcassets */,
				521BD0CA24EF703900ED9593 /* LaunchScreen.storyboard */,
				521BD0CD24EF703900ED9593 /* Info.plist */,
				521BD0CE24EF703900ED9593 /* main.m */,
			);
			path = CustomTabBarController;
			sourceTree = "<group>";
		};
		521BD0D724EF703A00ED9593 /* CustomTabBarControllerTests */ = {
			isa = PBXGroup;
			children = (
				521BD0D824EF703A00ED9593 /* CustomTabBarControllerTests.m */,
				521BD0DA24EF703A00ED9593 /* Info.plist */,
			);
			path = CustomTabBarControllerTests;
			sourceTree = "<group>";
		};
		521BD0E224EF703A00ED9593 /* CustomTabBarControllerUITests */ = {
			isa = PBXGroup;
			children = (
				521BD0E324EF703A00ED9593 /* CustomTabBarControllerUITests.m */,
				521BD0E524EF703A00ED9593 /* Info.plist */,
			);
			path = CustomTabBarControllerUITests;
			sourceTree = "<group>";
		};
		521BD0F124EF705100ED9593 /* TabBarController */ = {
			isa = PBXGroup;
			children = (
				521BD0F224EF708300ED9593 /* CustomTabBar.h */,
				521BD0F324EF708300ED9593 /* CustomTabBar.m */,
				521BD0F524EF70A000ED9593 /* CustomTabBarController.h */,
				521BD0F624EF70A000ED9593 /* CustomTabBarController.m */,
			);
			path = TabBarController;
			sourceTree = "<group>";
		};
/* End PBXGroup section */

/* Begin PBXNativeTarget section */
		521BD0B824EF703600ED9593 /* CustomTabBarController */ = {
			isa = PBXNativeTarget;
			buildConfigurationList = 521BD0E824EF703A00ED9593 /* Build configuration list for PBXNativeTarget "CustomTabBarController" */;
			buildPhases = (
				521BD0B524EF703600ED9593 /* Sources */,
				521BD0B624EF703600ED9593 /* Frameworks */,
				521BD0B724EF703600ED9593 /* Resources */,
			);
			buildRules = (
			);
			dependencies = (
			);
			name = CustomTabBarController;
			productName = CustomTabBarController;
			productReference = 521BD0B924EF703600ED9593 /* CustomTabBarController.app */;
			productType = "com.apple.product-type.application";
		};
		521BD0D324EF703A00ED9593 /* CustomTabBarControllerTests */ = {
			isa = PBXNativeTarget;
			buildConfigurationList = 521BD0EB24EF703A00ED9593 /* Build configuration list for PBXNativeTarget "CustomTabBarControllerTests" */;
			buildPhases = (
				521BD0D024EF703A00ED9593 /* Sources */,
				521BD0D124EF703A00ED9593 /* Frameworks */,
				521BD0D224EF703A00ED9593 /* Resources */,
			);
			buildRules = (
			);
			dependencies = (
				521BD0D624EF703A00ED9593 /* PBXTargetDependency */,
			);
			name = CustomTabBarControllerTests;
			productName = CustomTabBarControllerTests;
			productReference = 521BD0D424EF703A00ED9593 /* CustomTabBarControllerTests.xctest */;
			productType = "com.apple.product-type.bundle.unit-test";
		};
		521BD0DE24EF703A00ED9593 /* CustomTabBarControllerUITests */ = {
			isa = PBXNativeTarget;
			buildConfigurationList = 521BD0EE24EF703A00ED9593 /* Build configuration list for PBXNativeTarget "CustomTabBarControllerUITests" */;
			buildPhases = (
				521BD0DB24EF703A00ED9593 /* Sources */,
				521BD0DC24EF703A00ED9593 /* Frameworks */,
				521BD0DD24EF703A00ED9593 /* Resources */,
			);
			buildRules = (
			);
			dependencies = (
				521BD0E124EF703A00ED9593 /* PBXTargetDependency */,
			);
			name = CustomTabBarControllerUITests;
			productName = CustomTabBarControllerUITests;
			productReference = 521BD0DF24EF703A00ED9593 /* CustomTabBarControllerUITests.xctest */;
			productType = "com.apple.product-type.bundle.ui-testing";
		};
/* End PBXNativeTarget section */

/* Begin PBXProject section */
		521BD0B124EF703600ED9593 /* Project object */ = {
			isa = PBXProject;
			attributes = {
				LastUpgradeCheck = 1150;
				ORGANIZATIONNAME = jiawang;
				TargetAttributes = {
					521BD0B824EF703600ED9593 = {
						CreatedOnToolsVersion = 11.5;
					};
					521BD0D324EF703A00ED9593 = {
						CreatedOnToolsVersion = 11.5;
						TestTargetID = 521BD0B824EF703600ED9593;
					};
					521BD0DE24EF703A00ED9593 = {
						CreatedOnToolsVersion = 11.5;
						TestTargetID = 521BD0B824EF703600ED9593;
					};
				};
			};
			buildConfigurationList = 521BD0B424EF703600ED9593 /* Build configuration list for PBXProject "CustomTabBarController" */;
			compatibilityVersion = "Xcode 9.3";
			developmentRegion = en;
			hasScannedForEncodings = 0;
			knownRegions = (
				en,
				Base,
			);
			mainGroup = 521BD0B024EF703600ED9593;
			productRefGroup = 521BD0BA24EF703600ED9593 /* Products */;
			projectDirPath = "";
			projectRoot = "";
			targets = (
				521BD0B824EF703600ED9593 /* CustomTabBarController */,
				521BD0D324EF703A00ED9593 /* CustomTabBarControllerTests */,
				521BD0DE24EF703A00ED9593 /* CustomTabBarControllerUITests */,
			);
		};
/* End PBXProject section */

/* Begin PBXResourcesBuildPhase section */
		521BD0B724EF703600ED9593 /* Resources */ = {
			isa = PBXResourcesBuildPhase;
			buildActionMask = 2147483647;
			files = (
				521BD0CC24EF703900ED9593 /* LaunchScreen.storyboard in Resources */,
				521BD0C924EF703900ED9593 /* Assets.xcassets in Resources */,
				521BD0C724EF703600ED9593 /* Main.storyboard in Resources */,
			);
			runOnlyForDeploymentPostprocessing = 0;
		};
		521BD0D224EF703A00ED9593 /* Resources */ = {
			isa = PBXResourcesBuildPhase;
			buildActionMask = 2147483647;
			files = (
			);
			runOnlyForDeploymentPostprocessing = 0;
		};
		521BD0DD24EF703A00ED9593 /* Resources */ = {
			isa = PBXResourcesBuildPhase;
			buildActionMask = 2147483647;
			files = (
			);
			runOnlyForDeploymentPostprocessing = 0;
		};
/* End PBXResourcesBuildPhase section */

/* Begin PBXSourcesBuildPhase section */
		521BD0B524EF703600ED9593 /* Sources */ = {
			isa = PBXSourcesBuildPhase;
			buildActionMask = 2147483647;
			files = (
				521BD0FD24EF78C200ED9593 /* RootTabBarController.m in Sources */,
				521BD0C424EF703600ED9593 /* ViewController.m in Sources */,
				521BD0BE24EF703600ED9593 /* AppDelegate.m in Sources */,
				521BD0F724EF70A000ED9593 /* CustomTabBarController.m in Sources */,
				521BD0CF24EF703900ED9593 /* main.m in Sources */,
				521BD0F424EF708300ED9593 /* CustomTabBar.m in Sources */,
			);
			runOnlyForDeploymentPostprocessing = 0;
		};
		521BD0D024EF703A00ED9593 /* Sources */ = {
			isa = PBXSourcesBuildPhase;
			buildActionMask = 2147483647;
			files = (
				521BD0D924EF703A00ED9593 /* CustomTabBarControllerTests.m in Sources */,
			);
			runOnlyForDeploymentPostprocessing = 0;
		};
		521BD0DB24EF703A00ED9593 /* Sources */ = {
			isa = PBXSourcesBuildPhase;
			buildActionMask = 2147483647;
			files = (
				521BD0E424EF703A00ED9593 /* CustomTabBarControllerUITests.m in Sources */,
			);
			runOnlyForDeploymentPostprocessing = 0;
		};
/* End PBXSourcesBuildPhase section */

/* Begin PBXTargetDependency section */
		521BD0D624EF703A00ED9593 /* PBXTargetDependency */ = {
			isa = PBXTargetDependency;
			target = 521BD0B824EF703600ED9593 /* CustomTabBarController */;
			targetProxy = 521BD0D524EF703A00ED9593 /* PBXContainerItemProxy */;
		};
		521BD0E124EF703A00ED9593 /* PBXTargetDependency */ = {
			isa = PBXTargetDependency;
			target = 521BD0B824EF703600ED9593 /* CustomTabBarController */;
			targetProxy = 521BD0E024EF703A00ED9593 /* PBXContainerItemProxy */;
		};
/* End PBXTargetDependency section */

/* Begin PBXVariantGroup section */
		521BD0C524EF703600ED9593 /* Main.storyboard */ = {
			isa = PBXVariantGroup;
			children = (
				521BD0C624EF703600ED9593 /* Base */,
			);
			name = Main.storyboard;
			sourceTree = "<group>";
		};
		521BD0CA24EF703900ED9593 /* LaunchScreen.storyboard */ = {
			isa = PBXVariantGroup;
			children = (
				521BD0CB24EF703900ED9593 /* Base */,
			);
			name = LaunchScreen.storyboard;
			sourceTree = "<group>";
		};
/* End PBXVariantGroup section */

/* Begin XCBuildConfiguration section */
		521BD0E624EF703A00ED9593 /* Debug */ = {
			isa = XCBuildConfiguration;
			buildSettings = {
				ALWAYS_SEARCH_USER_PATHS = NO;
				CLANG_ANALYZER_NONNULL = YES;
				CLANG_ANALYZER_NUMBER_OBJECT_CONVERSION = YES_AGGRESSIVE;
				CLANG_CXX_LANGUAGE_STANDARD = "gnu++14";
				CLANG_CXX_LIBRARY = "libc++";
				CLANG_ENABLE_MODULES = YES;
				CLANG_ENABLE_OBJC_ARC = YES;
				CLANG_ENABLE_OBJC_WEAK = YES;
				CLANG_WARN_BLOCK_CAPTURE_AUTORELEASING = YES;
				CLANG_WARN_BOOL_CONVERSION = YES;
				CLANG_WARN_COMMA = YES;
				CLANG_WARN_CONSTANT_CONVERSION = YES;
				CLANG_WARN_DEPRECATED_OBJC_IMPLEMENTATIONS = YES;
				CLANG_WARN_DIRECT_OBJC_ISA_USAGE = YES_ERROR;
				CLANG_WARN_DOCUMENTATION_COMMENTS = YES;
				CLANG_WARN_EMPTY_BODY = YES;
				CLANG_WARN_ENUM_CONVERSION = YES;
				CLANG_WARN_INFINITE_RECURSION = YES;
				CLANG_WARN_INT_CONVERSION = YES;
				CLANG_WARN_NON_LITERAL_NULL_CONVERSION = YES;
				CLANG_WARN_OBJC_IMPLICIT_RETAIN_SELF = YES;
				CLANG_WARN_OBJC_LITERAL_CONVERSION = YES;
				CLANG_WARN_OBJC_ROOT_CLASS = YES_ERROR;
				CLANG_WARN_RANGE_LOOP_ANALYSIS = YES;
				CLANG_WARN_STRICT_PROTOTYPES = YES;
				CLANG_WARN_SUSPICIOUS_MOVE = YES;
				CLANG_WARN_UNGUARDED_AVAILABILITY = YES_AGGRESSIVE;
				CLANG_WARN_UNREACHABLE_CODE = YES;
				CLANG_WARN__DUPLICATE_METHOD_MATCH = YES;
				COPY_PHASE_STRIP = NO;
				DEBUG_INFORMATION_FORMAT = dwarf;
				ENABLE_STRICT_OBJC_MSGSEND = YES;
				ENABLE_TESTABILITY = YES;
				GCC_C_LANGUAGE_STANDARD = gnu11;
				GCC_DYNAMIC_NO_PIC = NO;
				GCC_NO_COMMON_BLOCKS = YES;
				GCC_OPTIMIZATION_LEVEL = 0;
				GCC_PREPROCESSOR_DEFINITIONS = (
					"DEBUG=1",
					"$(inherited)",
				);
				GCC_WARN_64_TO_32_BIT_CONVERSION = YES;
				GCC_WARN_ABOUT_RETURN_TYPE = YES_ERROR;
				GCC_WARN_UNDECLARED_SELECTOR = YES;
				GCC_WARN_UNINITIALIZED_AUTOS = YES_AGGRESSIVE;
				GCC_WARN_UNUSED_FUNCTION = YES;
				GCC_WARN_UNUSED_VARIABLE = YES;
				IPHONEOS_DEPLOYMENT_TARGET = 13.5;
				MTL_ENABLE_DEBUG_INFO = INCLUDE_SOURCE;
				MTL_FAST_MATH = YES;
				ONLY_ACTIVE_ARCH = YES;
				SDKROOT = iphoneos;
			};
			name = Debug;
		};
		521BD0E724EF703A00ED9593 /* Release */ = {
			isa = XCBuildConfiguration;
			buildSettings = {
				ALWAYS_SEARCH_USER_PATHS = NO;
				CLANG_ANALYZER_NONNULL = YES;
				CLANG_ANALYZER_NUMBER_OBJECT_CONVERSION = YES_AGGRESSIVE;
				CLANG_CXX_LANGUAGE_STANDARD = "gnu++14";
				CLANG_CXX_LIBRARY = "libc++";
				CLANG_ENABLE_MODULES = YES;
				CLANG_ENABLE_OBJC_ARC = YES;
				CLANG_ENABLE_OBJC_WEAK = YES;
				CLANG_WARN_BLOCK_CAPTURE_AUTORELEASING = YES;
				CLANG_WARN_BOOL_CONVERSION = YES;
				CLANG_WARN_COMMA = YES;
				CLANG_WARN_CONSTANT_CONVERSION = YES;
				CLANG_WARN_DEPRECATED_OBJC_IMPLEMENTATIONS = YES;
				CLANG_WARN_DIRECT_OBJC_ISA_USAGE = YES_ERROR;
				CLANG_WARN_DOCUMENTATION_COMMENTS = YES;
				CLANG_WARN_EMPTY_BODY = YES;
				CLANG_WARN_ENUM_CONVERSION = YES;
				CLANG_WARN_INFINITE_RECURSION = YES;
				CLANG_WARN_INT_CONVERSION = YES;
				CLANG_WARN_NON_LITERAL_NULL_CONVERSION = YES;
				CLANG_WARN_OBJC_IMPLICIT_RETAIN_SELF = YES;
				CLANG_WARN_OBJC_LITERAL_CONVERSION = YES;
				CLANG_WARN_OBJC_ROOT_CLASS = YES_ERROR;
				CLANG_WARN_RANGE_LOOP_ANALYSIS = YES;
				CLANG_WARN_STRICT_PROTOTYPES = YES;
				CLANG_WARN_SUSPICIOUS_MOVE = YES;
				CLANG_WARN_UNGUARDED_AVAILABILITY = YES_AGGRESSIVE;
				CLANG_WARN_UNREACHABLE_CODE = YES;
				CLANG_WARN__DUPLICATE_METHOD_MATCH = YES;
				COPY_PHASE_STRIP = NO;
				DEBUG_INFORMATION_FORMAT = "dwarf-with-dsym";
				ENABLE_NS_ASSERTIONS = NO;
				ENABLE_STRICT_OBJC_MSGSEND = YES;
				GCC_C_LANGUAGE_STANDARD = gnu11;
				GCC_NO_COMMON_BLOCKS = YES;
				GCC_WARN_64_TO_32_BIT_CONVERSION = YES;
				GCC_WARN_ABOUT_RETURN_TYPE = YES_ERROR;
				GCC_WARN_UNDECLARED_SELECTOR = YES;
				GCC_WARN_UNINITIALIZED_AUTOS = YES_AGGRESSIVE;
				GCC_WARN_UNUSED_FUNCTION = YES;
				GCC_WARN_UNUSED_VARIABLE = YES;
				IPHONEOS_DEPLOYMENT_TARGET = 13.5;
				MTL_ENABLE_DEBUG_INFO = NO;
				MTL_FAST_MATH = YES;
				SDKROOT = iphoneos;
				VALIDATE_PRODUCT = YES;
			};
			name = Release;
		};
		521BD0E924EF703A00ED9593 /* Debug */ = {
			isa = XCBuildConfiguration;
			buildSettings = {
				ASSETCATALOG_COMPILER_APPICON_NAME = AppIcon;
				CODE_SIGN_STYLE = Automatic;
				DEVELOPMENT_TEAM = T78YPJHTBK;
				GCC_PREFIX_HEADER = "/Users/huangjiawang/Desktop/CustomTabBarController/CustomTabBarController/CustomTabBarController-Prefix.pch";
				INFOPLIST_FILE = CustomTabBarController/Info.plist;
				IPHONEOS_DEPLOYMENT_TARGET = 9.0;
				LD_RUNPATH_SEARCH_PATHS = (
					"$(inherited)",
					"@executable_path/Frameworks",
				);
				PRODUCT_BUNDLE_IDENTIFIER = com.jw.CustomTabBarController;
				PRODUCT_NAME = "$(TARGET_NAME)";
				TARGETED_DEVICE_FAMILY = "1,2";
			};
			name = Debug;
		};
		521BD0EA24EF703A00ED9593 /* Release */ = {
			isa = XCBuildConfiguration;
			buildSettings = {
				ASSETCATALOG_COMPILER_APPICON_NAME = AppIcon;
				CODE_SIGN_STYLE = Automatic;
				DEVELOPMENT_TEAM = T78YPJHTBK;
				GCC_PREFIX_HEADER = "/Users/huangjiawang/Desktop/CustomTabBarController/CustomTabBarController/CustomTabBarController-Prefix.pch";
				INFOPLIST_FILE = CustomTabBarController/Info.plist;
				IPHONEOS_DEPLOYMENT_TARGET = 9.0;
				LD_RUNPATH_SEARCH_PATHS = (
					"$(inherited)",
					"@executable_path/Frameworks",
				);
				PRODUCT_BUNDLE_IDENTIFIER = com.jw.CustomTabBarController;
				PRODUCT_NAME = "$(TARGET_NAME)";
				TARGETED_DEVICE_FAMILY = "1,2";
			};
			name = Release;
		};
		521BD0EC24EF703A00ED9593 /* Debug */ = {
			isa = XCBuildConfiguration;
			buildSettings = {
				BUNDLE_LOADER = "$(TEST_HOST)";
				CODE_SIGN_STYLE = Automatic;
				DEVELOPMENT_TEAM = T78YPJHTBK;
				INFOPLIST_FILE = CustomTabBarControllerTests/Info.plist;
				IPHONEOS_DEPLOYMENT_TARGET = 13.5;
				LD_RUNPATH_SEARCH_PATHS = (
					"$(inherited)",
					"@executable_path/Frameworks",
					"@loader_path/Frameworks",
				);
				PRODUCT_BUNDLE_IDENTIFIER = com.jw.CustomTabBarControllerTests;
				PRODUCT_NAME = "$(TARGET_NAME)";
				TARGETED_DEVICE_FAMILY = "1,2";
				TEST_HOST = "$(BUILT_PRODUCTS_DIR)/CustomTabBarController.app/CustomTabBarController";
			};
			name = Debug;
		};
		521BD0ED24EF703A00ED9593 /* Release */ = {
			isa = XCBuildConfiguration;
			buildSettings = {
				BUNDLE_LOADER = "$(TEST_HOST)";
				CODE_SIGN_STYLE = Automatic;
				DEVELOPMENT_TEAM = T78YPJHTBK;
				INFOPLIST_FILE = CustomTabBarControllerTests/Info.plist;
				IPHONEOS_DEPLOYMENT_TARGET = 13.5;
				LD_RUNPATH_SEARCH_PATHS = (
					"$(inherited)",
					"@executable_path/Frameworks",
					"@loader_path/Frameworks",
				);
				PRODUCT_BUNDLE_IDENTIFIER = com.jw.CustomTabBarControllerTests;
				PRODUCT_NAME = "$(TARGET_NAME)";
				TARGETED_DEVICE_FAMILY = "1,2";
				TEST_HOST = "$(BUILT_PRODUCTS_DIR)/CustomTabBarController.app/CustomTabBarController";
			};
			name = Release;
		};
		521BD0EF24EF703A00ED9593 /* Debug */ = {
			isa = XCBuildConfiguration;
			buildSettings = {
				CODE_SIGN_STYLE = Automatic;
				DEVELOPMENT_TEAM = T78YPJHTBK;
				INFOPLIST_FILE = CustomTabBarControllerUITests/Info.plist;
				LD_RUNPATH_SEARCH_PATHS = (
					"$(inherited)",
					"@executable_path/Frameworks",
					"@loader_path/Frameworks",
				);
				PRODUCT_BUNDLE_IDENTIFIER = com.jw.CustomTabBarControllerUITests;
				PRODUCT_NAME = "$(TARGET_NAME)";
				TARGETED_DEVICE_FAMILY = "1,2";
				TEST_TARGET_NAME = CustomTabBarController;
			};
			name = Debug;
		};
		521BD0F024EF703A00ED9593 /* Release */ = {
			isa = XCBuildConfiguration;
			buildSettings = {
				CODE_SIGN_STYLE = Automatic;
				DEVELOPMENT_TEAM = T78YPJHTBK;
				INFOPLIST_FILE = CustomTabBarControllerUITests/Info.plist;
				LD_RUNPATH_SEARCH_PATHS = (
					"$(inherited)",
					"@executable_path/Frameworks",
					"@loader_path/Frameworks",
				);
				PRODUCT_BUNDLE_IDENTIFIER = com.jw.CustomTabBarControllerUITests;
				PRODUCT_NAME = "$(TARGET_NAME)";
				TARGETED_DEVICE_FAMILY = "1,2";
				TEST_TARGET_NAME = CustomTabBarController;
			};
			name = Release;
		};
/* End XCBuildConfiguration section */

/* Begin XCConfigurationList section */
		521BD0B424EF703600ED9593 /* Build configuration list for PBXProject "CustomTabBarController" */ = {
			isa = XCConfigurationList;
			buildConfigurations = (
				521BD0E624EF703A00ED9593 /* Debug */,
				521BD0E724EF703A00ED9593 /* Release */,
			);
			defaultConfigurationIsVisible = 0;
			defaultConfigurationName = Release;
		};
		521BD0E824EF703A00ED9593 /* Build configuration list for PBXNativeTarget "CustomTabBarController" */ = {
			isa = XCConfigurationList;
			buildConfigurations = (
				521BD0E924EF703A00ED9593 /* Debug */,
				521BD0EA24EF703A00ED9593 /* Release */,
			);
			defaultConfigurationIsVisible = 0;
			defaultConfigurationName = Release;
		};
		521BD0EB24EF703A00ED9593 /* Build configuration list for PBXNativeTarget "CustomTabBarControllerTests" */ = {
			isa = XCConfigurationList;
			buildConfigurations = (
				521BD0EC24EF703A00ED9593 /* Debug */,
				521BD0ED24EF703A00ED9593 /* Release */,
			);
			defaultConfigurationIsVisible = 0;
			defaultConfigurationName = Release;
		};
		521BD0EE24EF703A00ED9593 /* Build configuration list for PBXNativeTarget "CustomTabBarControllerUITests" */ = {
			isa = XCConfigurationList;
			buildConfigurations = (
				521BD0EF24EF703A00ED9593 /* Debug */,
				521BD0F024EF703A00ED9593 /* Release */,
			);
			defaultConfigurationIsVisible = 0;
			defaultConfigurationName = Release;
		};
/* End XCConfigurationList section */
	};
	rootObject = 521BD0B124EF703600ED9593 /* Project object */;
}
